
Microsoft Visual Studio Solution File, Format Version 12.00
# Visual Studio Version 17
VisualStudioVersion = 17.0.31903.59
MinimumVisualStudioVersion = 10.0.40219.1
Project("{FAE04EC0-301F-11D3-BF4B-00C04F79EFBC}") = "MemoryStreamSample", "MemoryStreamSample\MemoryStreamSample.csproj", "{6C03A5D0-F512-410C-B3B0-ACEE4E458EFE}"
EndProject
Global
	GlobalSection(SolutionConfigurationPlatforms) = preSolution
		Debug|Any CPU = Debug|Any CPU
		Release|Any CPU = Release|Any CPU
	EndGlobalSection
	GlobalSection(ProjectConfigurationPlatforms) = postSolution
		{6C03A5D0-F512-410C-B3B0-ACEE4E458EFE}.Debug|Any CPU.ActiveCfg = Debug|Any CPU
		{6C03A5D0-F512-410C-B3B0-ACEE4E458EFE}.Debug|Any CPU.Build.0 = Debug|Any CPU
		{6C03A5D0-F512-410C-B3B0-ACEE4E458EFE}.Release|Any CPU.ActiveCfg = Release|Any CPU
		{6C03A5D0-F512-410C-B3B0-ACEE4E458EFE}.Release|Any CPU.Build.0 = Release|Any CPU
	EndGlobalSection
	GlobalSection(SolutionProperties) = preSolution
		HideSolutionNode = FALSE
	EndGlobalSection
	GlobalSection(ExtensibilityGlobals) = postSolution
		SolutionGuid = {1B2F3B5F-4115-427C-99BB-475612E0D617}
	EndGlobalSection
EndGlobal
