
Microsoft Visual Studio Solution File, Format Version 12.00
# Visual Studio Version 17
VisualStudioVersion = 17.10.34928.147
MinimumVisualStudioVersion = 10.0.40219.1
Project("{FAE04EC0-301F-11D3-BF4B-00C04F79EFBC}") = "ImmutableSample", "ImmutableSample\ImmutableSample.csproj", "{3549D7D3-6A24-4EAB-BCA4-E341707312FC}"
EndProject
Global
	GlobalSection(SolutionConfigurationPlatforms) = preSolution
		Debug|Any CPU = Debug|Any CPU
		Release|Any CPU = Release|Any CPU
	EndGlobalSection
	GlobalSection(ProjectConfigurationPlatforms) = postSolution
		{3549D7D3-6A24-4EAB-BCA4-E341707312FC}.Debug|Any CPU.ActiveCfg = Debug|Any CPU
		{3549D7D3-6A24-4EAB-BCA4-E341707312FC}.Debug|Any CPU.Build.0 = Debug|Any CPU
		{3549D7D3-6A24-4EAB-BCA4-E341707312FC}.Release|Any CPU.ActiveCfg = Release|Any CPU
		{3549D7D3-6A24-4EAB-BCA4-E341707312FC}.Release|Any CPU.Build.0 = Release|Any CPU
	EndGlobalSection
	GlobalSection(SolutionProperties) = preSolution
		HideSolutionNode = FALSE
	EndGlobalSection
	GlobalSection(ExtensibilityGlobals) = postSolution
		SolutionGuid = {C17880A1-06FE-48D4-A4C1-FB4FF40AD778}
	EndGlobalSection
EndGlobal
