
Microsoft Visual Studio Solution File, Format Version 12.00
# Visual Studio Version 17
VisualStudioVersion = 17.0.31903.59
MinimumVisualStudioVersion = 10.0.40219.1
Project("{FAE04EC0-301F-11D3-BF4B-00C04F79EFBC}") = "DriveSample", "DriveSample\DriveSample.csproj", "{E06903F2-236A-4A67-A3CA-BD5A4355FAFD}"
EndProject
Global
	GlobalSection(SolutionConfigurationPlatforms) = preSolution
		Debug|Any CPU = Debug|Any CPU
		Release|Any CPU = Release|Any CPU
	EndGlobalSection
	GlobalSection(ProjectConfigurationPlatforms) = postSolution
		{E06903F2-236A-4A67-A3CA-BD5A4355FAFD}.Debug|Any CPU.ActiveCfg = Debug|Any CPU
		{E06903F2-236A-4A67-A3CA-BD5A4355FAFD}.Debug|Any CPU.Build.0 = Debug|Any CPU
		{E06903F2-236A-4A67-A3CA-BD5A4355FAFD}.Release|Any CPU.ActiveCfg = Release|Any CPU
		{E06903F2-236A-4A67-A3CA-BD5A4355FAFD}.Release|Any CPU.Build.0 = Release|Any CPU
	EndGlobalSection
	GlobalSection(SolutionProperties) = preSolution
		HideSolutionNode = FALSE
	EndGlobalSection
	GlobalSection(ExtensibilityGlobals) = postSolution
		SolutionGuid = {59249DC0-6B10-4B8F-81F6-36CC07328BFF}
	EndGlobalSection
EndGlobal
