
Microsoft Visual Studio Solution File, Format Version 12.00
# Visual Studio Version 17
VisualStudioVersion = 17.0.31903.59
MinimumVisualStudioVersion = 10.0.40219.1
Project("{FAE04EC0-301F-11D3-BF4B-00C04F79EFBC}") = "HttpClientDirect", "HttpClientDirect\HttpClientDirect.csproj", "{F171A379-FF5C-4CA7-A9B4-D7A7C978F408}"
EndProject
Global
	GlobalSection(SolutionConfigurationPlatforms) = preSolution
		Debug|Any CPU = Debug|Any CPU
		Release|Any CPU = Release|Any CPU
	EndGlobalSection
	GlobalSection(ProjectConfigurationPlatforms) = postSolution
		{F171A379-FF5C-4CA7-A9B4-D7A7C978F408}.Debug|Any CPU.ActiveCfg = Debug|Any CPU
		{F171A379-FF5C-4CA7-A9B4-D7A7C978F408}.Debug|Any CPU.Build.0 = Debug|Any CPU
		{F171A379-FF5C-4CA7-A9B4-D7A7C978F408}.Release|Any CPU.ActiveCfg = Release|Any CPU
		{F171A379-FF5C-4CA7-A9B4-D7A7C978F408}.Release|Any CPU.Build.0 = Release|Any CPU
	EndGlobalSection
	GlobalSection(SolutionProperties) = preSolution
		HideSolutionNode = FALSE
	EndGlobalSection
	GlobalSection(ExtensibilityGlobals) = postSolution
		SolutionGuid = {830BEC30-A91E-4B78-9BAD-858B7434991D}
	EndGlobalSection
EndGlobal
