
Microsoft Visual Studio Solution File, Format Version 12.00
# Visual Studio Version 17
VisualStudioVersion = 17.0.31903.59
MinimumVisualStudioVersion = 10.0.40219.1
Project("{FAE04EC0-301F-11D3-BF4B-00C04F79EFBC}") = "AspShopUi", "AspShopUi\AspShopUi.csproj", "{EE769F3A-C7F0-4295-A859-3D13C33F3F93}"
EndProject
Global
	GlobalSection(SolutionConfigurationPlatforms) = preSolution
		Debug|Any CPU = Debug|Any CPU
		Release|Any CPU = Release|Any CPU
	EndGlobalSection
	GlobalSection(ProjectConfigurationPlatforms) = postSolution
		{EE769F3A-C7F0-4295-A859-3D13C33F3F93}.Debug|Any CPU.ActiveCfg = Debug|Any CPU
		{EE769F3A-C7F0-4295-A859-3D13C33F3F93}.Debug|Any CPU.Build.0 = Debug|Any CPU
		{EE769F3A-C7F0-4295-A859-3D13C33F3F93}.Release|Any CPU.ActiveCfg = Release|Any CPU
		{EE769F3A-C7F0-4295-A859-3D13C33F3F93}.Release|Any CPU.Build.0 = Release|Any CPU
	EndGlobalSection
	GlobalSection(SolutionProperties) = preSolution
		HideSolutionNode = FALSE
	EndGlobalSection
	GlobalSection(ExtensibilityGlobals) = postSolution
		SolutionGuid = {543D7318-1ADF-409B-A362-B41471449FAE}
	EndGlobalSection
EndGlobal
