
Microsoft Visual Studio Solution File, Format Version 12.00
# Visual Studio Version 17
VisualStudioVersion = 17.0.31903.59
MinimumVisualStudioVersion = 10.0.40219.1
Project("{FAE04EC0-301F-11D3-BF4B-00C04F79EFBC}") = "LoggerTest", "LoggerTest\LoggerTest.csproj", "{8F0199BF-0460-4672-835A-514EEBC491C1}"
EndProject
Project("{FAE04EC0-301F-11D3-BF4B-00C04F79EFBC}") = "FileLoggerProvider", "FileLoggerProvider\FileLoggerProvider.csproj", "{08F4BA49-51DB-4694-B6E4-2CF258774C0C}"
EndProject
Global
	GlobalSection(SolutionConfigurationPlatforms) = preSolution
		Debug|Any CPU = Debug|Any CPU
		Release|Any CPU = Release|Any CPU
	EndGlobalSection
	GlobalSection(ProjectConfigurationPlatforms) = postSolution
		{8F0199BF-0460-4672-835A-514EEBC491C1}.Debug|Any CPU.ActiveCfg = Debug|Any CPU
		{8F0199BF-0460-4672-835A-514EEBC491C1}.Debug|Any CPU.Build.0 = Debug|Any CPU
		{8F0199BF-0460-4672-835A-514EEBC491C1}.Release|Any CPU.ActiveCfg = Release|Any CPU
		{8F0199BF-0460-4672-835A-514EEBC491C1}.Release|Any CPU.Build.0 = Release|Any CPU
		{08F4BA49-51DB-4694-B6E4-2CF258774C0C}.Debug|Any CPU.ActiveCfg = Debug|Any CPU
		{08F4BA49-51DB-4694-B6E4-2CF258774C0C}.Debug|Any CPU.Build.0 = Debug|Any CPU
		{08F4BA49-51DB-4694-B6E4-2CF258774C0C}.Release|Any CPU.ActiveCfg = Release|Any CPU
		{08F4BA49-51DB-4694-B6E4-2CF258774C0C}.Release|Any CPU.Build.0 = Release|Any CPU
	EndGlobalSection
	GlobalSection(SolutionProperties) = preSolution
		HideSolutionNode = FALSE
	EndGlobalSection
	GlobalSection(ExtensibilityGlobals) = postSolution
		SolutionGuid = {6D5832B3-7BC8-4835-B2CE-C6E0D130E320}
	EndGlobalSection
EndGlobal
