
Microsoft Visual Studio Solution File, Format Version 12.00
# Visual Studio Version 17
VisualStudioVersion = 17.0.31903.59
MinimumVisualStudioVersion = 10.0.40219.1
Project("{FAE04EC0-301F-11D3-BF4B-00C04F79EFBC}") = "ViewComponentSample", "ViewComponentSample\ViewComponentSample.csproj", "{34885FDB-5A09-4500-BD3D-400267AB928F}"
EndProject
Global
	GlobalSection(SolutionConfigurationPlatforms) = preSolution
		Debug|Any CPU = Debug|Any CPU
		Release|Any CPU = Release|Any CPU
	EndGlobalSection
	GlobalSection(ProjectConfigurationPlatforms) = postSolution
		{34885FDB-5A09-4500-BD3D-400267AB928F}.Debug|Any CPU.ActiveCfg = Debug|Any CPU
		{34885FDB-5A09-4500-BD3D-400267AB928F}.Debug|Any CPU.Build.0 = Debug|Any CPU
		{34885FDB-5A09-4500-BD3D-400267AB928F}.Release|Any CPU.ActiveCfg = Release|Any CPU
		{34885FDB-5A09-4500-BD3D-400267AB928F}.Release|Any CPU.Build.0 = Release|Any CPU
	EndGlobalSection
	GlobalSection(SolutionProperties) = preSolution
		HideSolutionNode = FALSE
	EndGlobalSection
	GlobalSection(ExtensibilityGlobals) = postSolution
		SolutionGuid = {394CF246-3004-4B5B-9DB0-A733FABAD10D}
	EndGlobalSection
EndGlobal
