
Microsoft Visual Studio Solution File, Format Version 12.00
# Visual Studio Version 17
VisualStudioVersion = 17.0.31903.59
MinimumVisualStudioVersion = 10.0.40219.1
Project("{FAE04EC0-301F-11D3-BF4B-00C04F79EFBC}") = "pollyTest", "polly\pollyTest.csproj", "{055096E6-261C-44D4-909C-681957332B43}"
EndProject
Global
	GlobalSection(SolutionConfigurationPlatforms) = preSolution
		Debug|Any CPU = Debug|Any CPU
		Release|Any CPU = Release|Any CPU
	EndGlobalSection
	GlobalSection(ProjectConfigurationPlatforms) = postSolution
		{055096E6-261C-44D4-909C-681957332B43}.Debug|Any CPU.ActiveCfg = Debug|Any CPU
		{055096E6-261C-44D4-909C-681957332B43}.Debug|Any CPU.Build.0 = Debug|Any CPU
		{055096E6-261C-44D4-909C-681957332B43}.Release|Any CPU.ActiveCfg = Release|Any CPU
		{055096E6-261C-44D4-909C-681957332B43}.Release|Any CPU.Build.0 = Release|Any CPU
	EndGlobalSection
	GlobalSection(SolutionProperties) = preSolution
		HideSolutionNode = FALSE
	EndGlobalSection
	GlobalSection(ExtensibilityGlobals) = postSolution
		SolutionGuid = {C8836761-2DCA-4117-A368-2C899605000B}
	EndGlobalSection
EndGlobal
